github.com/Harvey-OS/ninep v0.0.0-20200701230449-5148a8f50134 h1:0Qo7JlCQOUMhO2+L9Mtujhz/cWykNG9Mmx5goPGLCLA=
github.com/Harvey-OS/ninep v0.0.0-20200701230449-5148a8f50134/go.mod h1:YmLTajv/R+cjEsJ8/vfGOckeEBbz06tgHlYBSpbe+eo=
github.com/harvey-os/ninep v0.0.0-20200701230449-5148a8f50134 h1:AbUeJIw0z0q9+x0r1rSxjYHYBoz55CQxZkOrwpHhIyY=
github.com/harvey-os/ninep v0.0.0-20200701230449-5148a8f50134/go.mod h1:5wShoX86uJTusKWHbT1xL9jIPAeeLT5+cg3NgFzh/SM=
